{
  "name": "code_ diffor",
  "lockfileVersion": 3,
  "requires": true,
  "packages": {
    "": {
      "dependencies": {
        "tree-sitter-cli": "^0.26.9"
      }
    },
    "node_modules/tree-sitter-cli": {
      "version": "0.26.9",
      "resolved": "https://registry.npmmirror.com/tree-sitter-cli/-/tree-sitter-cli-0.26.9.tgz",
      "integrity": "sha512-7l+U1RmazPVe+yA/JiX80GFOILnL/j24GbawamIzNQC8UlINrcyECbaWGaG1wuq4j/m0DQTx7Uu4r0iW9Ao1BQ==",
      "hasInstallScript": true,
      "license": "MIT",
      "bin": {
        "tree-sitter": "cli.js"
      },
      "engines": {
        "node": ">=12.0.0"
      }
    }
  }
}
